
Microsoft Visual Studio Solution File, Format Version 12.00
# Visual Studio Version 17
VisualStudioVersion = 17.14.36414.22
MinimumVisualStudioVersion = 10.0.40219.1
Project("{FAE04EC0-301F-11D3-BF4B-00C04F79EFBC}") = "HlifeApi", "HlifeApi\HlifeApi.csproj", "{1F4F3B0F-95CF-4803-BABD-573CAE8A7A12}"
EndProject
Project("{2150E333-8FDC-42A3-9474-1A3956D46DE8}") = "解决方案项", "解决方案项", "{9FA3D6BD-1EC1-3BA5-80CB-CE02773A58D5}"
	ProjectSection(SolutionItems) = preProject
		.dockerignore = .dockerignore
		.drone.yml = .drone.yml
		.gitignore = .gitignore
		Readme.txt = Readme.txt
	EndProjectSection
EndProject
Project("{FAE04EC0-301F-11D3-BF4B-00C04F79EFBC}") = "ApiLog", "ApiLog\ApiLog.csproj", "{34988E03-8381-42FC-B65C-FEE470EC036A}"
EndProject
Project("{2150E333-8FDC-42A3-9474-1A3956D46DE8}") = "Solution Items", "Solution Items", "{02EA681E-C7D8-13C7-8484-4AC65E1B71E8}"
	ProjectSection(SolutionItems) = preProject
		.editorconfig = .editorconfig
	EndProjectSection
EndProject
Global
	GlobalSection(SolutionConfigurationPlatforms) = preSolution
		Debug|Any CPU = Debug|Any CPU
		Debug|x64 = Debug|x64
		Debug|x86 = Debug|x86
		Release|Any CPU = Release|Any CPU
		Release|x64 = Release|x64
		Release|x86 = Release|x86
	EndGlobalSection
	GlobalSection(ProjectConfigurationPlatforms) = postSolution
		{1F4F3B0F-95CF-4803-BABD-573CAE8A7A12}.Debug|Any CPU.ActiveCfg = Debug|Any CPU
		{1F4F3B0F-95CF-4803-BABD-573CAE8A7A12}.Debug|Any CPU.Build.0 = Debug|Any CPU
		{1F4F3B0F-95CF-4803-BABD-573CAE8A7A12}.Debug|x64.ActiveCfg = Debug|Any CPU
		{1F4F3B0F-95CF-4803-BABD-573CAE8A7A12}.Debug|x64.Build.0 = Debug|Any CPU
		{1F4F3B0F-95CF-4803-BABD-573CAE8A7A12}.Debug|x86.ActiveCfg = Debug|Any CPU
		{1F4F3B0F-95CF-4803-BABD-573CAE8A7A12}.Debug|x86.Build.0 = Debug|Any CPU
		{1F4F3B0F-95CF-4803-BABD-573CAE8A7A12}.Release|Any CPU.ActiveCfg = Release|Any CPU
		{1F4F3B0F-95CF-4803-BABD-573CAE8A7A12}.Release|Any CPU.Build.0 = Release|Any CPU
		{1F4F3B0F-95CF-4803-BABD-573CAE8A7A12}.Release|x64.ActiveCfg = Release|Any CPU
		{1F4F3B0F-95CF-4803-BABD-573CAE8A7A12}.Release|x64.Build.0 = Release|Any CPU
		{1F4F3B0F-95CF-4803-BABD-573CAE8A7A12}.Release|x86.ActiveCfg = Release|Any CPU
		{1F4F3B0F-95CF-4803-BABD-573CAE8A7A12}.Release|x86.Build.0 = Release|Any CPU
		{34988E03-8381-42FC-B65C-FEE470EC036A}.Debug|Any CPU.ActiveCfg = Debug|Any CPU
		{34988E03-8381-42FC-B65C-FEE470EC036A}.Debug|Any CPU.Build.0 = Debug|Any CPU
		{34988E03-8381-42FC-B65C-FEE470EC036A}.Debug|x64.ActiveCfg = Debug|Any CPU
		{34988E03-8381-42FC-B65C-FEE470EC036A}.Debug|x64.Build.0 = Debug|Any CPU
		{34988E03-8381-42FC-B65C-FEE470EC036A}.Debug|x86.ActiveCfg = Debug|Any CPU
		{34988E03-8381-42FC-B65C-FEE470EC036A}.Debug|x86.Build.0 = Debug|Any CPU
		{34988E03-8381-42FC-B65C-FEE470EC036A}.Release|Any CPU.ActiveCfg = Release|Any CPU
		{34988E03-8381-42FC-B65C-FEE470EC036A}.Release|Any CPU.Build.0 = Release|Any CPU
		{34988E03-8381-42FC-B65C-FEE470EC036A}.Release|x64.ActiveCfg = Release|Any CPU
		{34988E03-8381-42FC-B65C-FEE470EC036A}.Release|x64.Build.0 = Release|Any CPU
		{34988E03-8381-42FC-B65C-FEE470EC036A}.Release|x86.ActiveCfg = Release|Any CPU
		{34988E03-8381-42FC-B65C-FEE470EC036A}.Release|x86.Build.0 = Release|Any CPU
	EndGlobalSection
	GlobalSection(SolutionProperties) = preSolution
		HideSolutionNode = FALSE
	EndGlobalSection
	GlobalSection(ExtensibilityGlobals) = postSolution
		SolutionGuid = {ABC93C8F-4C7F-4107-881D-41124713997F}
	EndGlobalSection
EndGlobal
